
Microsoft Visual Studio Solution File, Format Version 12.00
# Visual Studio Version 17
VisualStudioVersion = 17.1.32328.378
MinimumVisualStudioVersion = 10.0.40219.1
Project("{9A19103F-16F7-4668-BE54-9A1E7A4F7556}") = "InterfazDeUnRestaurante", "InterfazDeUnRestaurante.csproj", "{C357D30B-7A71-440E-B240-32294895E18B}"
EndProject
Project("{9A19103F-16F7-4668-BE54-9A1E7A4F7556}") = "conexionBase", "..\conexionBase\conexionBase.csproj", "{3F4349DB-4C55-4D12-AE29-BECAC5419BC2}"
EndProject
Global
	GlobalSection(SolutionConfigurationPlatforms) = preSolution
		Debug|Any CPU = Debug|Any CPU
		Release|Any CPU = Release|Any CPU
	EndGlobalSection
	GlobalSection(ProjectConfigurationPlatforms) = postSolution
		{C357D30B-7A71-440E-B240-32294895E18B}.Debug|Any CPU.ActiveCfg = Debug|Any CPU
		{C357D30B-7A71-440E-B240-32294895E18B}.Debug|Any CPU.Build.0 = Debug|Any CPU
		{C357D30B-7A71-440E-B240-32294895E18B}.Release|Any CPU.ActiveCfg = Release|Any CPU
		{C357D30B-7A71-440E-B240-32294895E18B}.Release|Any CPU.Build.0 = Release|Any CPU
		{3F4349DB-4C55-4D12-AE29-BECAC5419BC2}.Debug|Any CPU.ActiveCfg = Debug|Any CPU
		{3F4349DB-4C55-4D12-AE29-BECAC5419BC2}.Debug|Any CPU.Build.0 = Debug|Any CPU
		{3F4349DB-4C55-4D12-AE29-BECAC5419BC2}.Release|Any CPU.ActiveCfg = Release|Any CPU
		{3F4349DB-4C55-4D12-AE29-BECAC5419BC2}.Release|Any CPU.Build.0 = Release|Any CPU
	EndGlobalSection
	GlobalSection(SolutionProperties) = preSolution
		HideSolutionNode = FALSE
	EndGlobalSection
	GlobalSection(ExtensibilityGlobals) = postSolution
		SolutionGuid = {68E8FF5C-EB2A-4963-9482-51E09B2A664B}
	EndGlobalSection
EndGlobal
